// !$*UTF8*$!
{
	archiveVersion = 1;
	classes = {
	};
	objectVersion = 46;
	objects = {

/* Begin PBXBuildFile section */
		24A394AD1A2489BA00702FEC /* AppDelegate.swift in Sources */ = {isa = PBXBuildFile; fileRef = 24A394AC1A2489BA00702FEC /* AppDelegate.swift */; };
		24A394AF1A2489BB00702FEC /* ViewController.swift in Sources */ = {isa = PBXBuildFile; fileRef = 24A394AE1A2489BB00702FEC /* ViewController.swift */; };
		24A394B21A2489BB00702FEC /* Main.storyboard in Resources */ = {isa = PBXBuildFile; fileRef = 24A394B01A2489BB00702FEC /* Main.storyboard */; };
		24A394B41A2489BB00702FEC /* Images.xcassets in Resources */ = {isa = PBXBuildFile; fileRef = 24A394B31A2489BB00702FEC /* Images.xcassets */; };
		24A394B71A2489BB00702FEC /* LaunchScreen.xib in Resources */ = {isa = PBXBuildFile; fileRef = 24A394B51A2489BB00702FEC /* LaunchScreen.xib */; };
		24A394C31A2489BB00702FEC /* hyscoswiftTests.swift in Sources */ = {isa = PBXBuildFile; fileRef = 24A394C21A2489BB00702FEC /* hyscoswiftTests.swift */; };
/* End PBXBuildFile section */

/* Begin PBXContainerItemProxy section */
		24A394BD1A2489BB00702FEC /* PBXContainerItemProxy */ = {
			isa = PBXContainerItemProxy;
			containerPortal = 24A3949F1A2489BA00702FEC /* Project object */;
			proxyType = 1;
			remoteGlobalIDString = 24A394A61A2489BA00702FEC;
			remoteInfo = hyscoswift;
		};
/* End PBXContainerItemProxy section */

/* Begin PBXFileReference section */
		24A394A71A2489BA00702FEC /* hyscoswift.app */ = {isa = PBXFileReference; explicitFileType = wrapper.application; includeInIndex = 0; path = hyscoswift.app; sourceTree = BUILT_PRODUCTS_DIR; };
		24A394AB1A2489BA00702FEC /* Info.plist */ = {isa = PBXFileReference; lastKnownFileType = text.plist.xml; path = Info.plist; sourceTree = "<group>"; };
		24A394AC1A2489BA00702FEC /* AppDelegate.swift */ = {isa = PBXFileReference; lastKnownFileType = sourcecode.swift; path = AppDelegate.swift; sourceTree = "<group>"; };
		24A394AE1A2489BB00702FEC /* ViewController.swift */ = {isa = PBXFileReference; lastKnownFileType = sourcecode.swift; path = ViewController.swift; sourceTree = "<group>"; };
		24A394B11A2489BB00702FEC /* Base */ = {isa = PBXFileReference; lastKnownFileType = file.storyboard; name = Base; path = Base.lproj/Main.storyboard; sourceTree = "<group>"; };
		24A394B31A2489BB00702FEC /* Images.xcassets */ = {isa = PBXFileReference; lastKnownFileType = folder.assetcatalog; path = Images.xcassets; sourceTree = "<group>"; };
		24A394B61A2489BB00702FEC /* Base */ = {isa = PBXFileReference; lastKnownFileType = file.xib; name = Base; path = Base.lproj/LaunchScreen.xib; sourceTree = "<group>"; };
		24A394BC1A2489BB00702FEC /* hyscoswiftTests.xctest */ = {isa = PBXFileReference; explicitFileType = wrapper.cfbundle; includeInIndex = 0; path = hyscoswiftTests.xctest; sourceTree = BUILT_PRODUCTS_DIR; };
		24A394C11A2489BB00702FEC /* Info.plist */ = {isa = PBXFileReference; lastKnownFileType = text.plist.xml; path = Info.plist; sourceTree = "<group>"; };
		24A394C21A2489BB00702FEC /* hyscoswiftTests.swift */ = {isa = PBXFileReference; lastKnownFileType = sourcecode.swift; path = hyscoswiftTests.swift; sourceTree = "<group>"; };
/* End PBXFileReference section */

/* Begin PBXFrameworksBuildPhase section */
		24A394A41A2489BA00702FEC /* Frameworks */ = {
			isa = PBXFrameworksBuildPhase;
			buildActionMask = 2147483647;
			files = (
			);
			runOnlyForDeploymentPostprocessing = 0;
		};
		24A394B91A2489BB00702FEC /* Frameworks */ = {
			isa = PBXFrameworksBuildPhase;
			buildActionMask = 2147483647;
			files = (
			);
			runOnlyForDeploymentPostprocessing = 0;
		};
/* End PBXFrameworksBuildPhase section */

/* Begin PBXGroup section */
		24A3949E1A2489BA00702FEC = {
			isa = PBXGroup;
			children = (
				24A394A91A2489BA00702FEC /* hyscoswift */,
				24A394BF1A2489BB00702FEC /* hyscoswiftTests */,
				24A394A81A2489BA00702FEC /* Products */,
			);
			sourceTree = "<group>";
		};
		24A394A81A2489BA00702FEC /* Products */ = {
			isa = PBXGroup;
			children = (
				24A394A71A2489BA00702FEC /* hyscoswift.app */,
				24A394BC1A2489BB00702FEC /* hyscoswiftTests.xctest */,
			);
			name = Products;
			sourceTree = "<group>";
		};
		24A394A91A2489BA00702FEC /* hyscoswift */ = {
			isa = PBXGroup;
			children = (
				24A394AC1A2489BA00702FEC /* AppDelegate.swift */,
				24A394AE1A2489BB00702FEC /* ViewController.swift */,
				24A394B01A2489BB00702FEC /* Main.storyboard */,
				24A394B31A2489BB00702FEC /* Images.xcassets */,
				24A394B51A2489BB00702FEC /* LaunchScreen.xib */,
				24A394AA1A2489BA00702FEC /* Supporting Files */,
			);
			path = hyscoswift;
			sourceTree = "<group>";
		};
		24A394AA1A2489BA00702FEC /* Supporting Files */ = {
			isa = PBXGroup;
			children = (
				24A394AB1A2489BA00702FEC /* Info.plist */,
			);
			name = "Supporting Files";
			sourceTree = "<group>";
		};
		24A394BF1A2489BB00702FEC /* hyscoswiftTests */ = {
			isa = PBXGroup;
			children = (
				24A394C21A2489BB00702FEC /* hyscoswiftTests.swift */,
				24A394C01A2489BB00702FEC /* Supporting Files */,
			);
			path = hyscoswiftTests;
			sourceTree = "<group>";
		};
		24A394C01A2489BB00702FEC /* Supporting Files */ = {
			isa = PBXGroup;
			children = (
				24A394C11A2489BB00702FEC /* Info.plist */,
			);
			name = "Supporting Files";
			sourceTree = "<group>";
		};
/* End PBXGroup section */

/* Begin PBXNativeTarget section */
		24A394A61A2489BA00702FEC /* hyscoswift */ = {
			isa = PBXNativeTarget;
			buildConfigurationList = 24A394C61A2489BB00702FEC /* Build configuration list for PBXNativeTarget "hyscoswift" */;
			buildPhases = (
				24A394A31A2489BA00702FEC /* Sources */,
				24A394A41A2489BA00702FEC /* Frameworks */,
				24A394A51A2489BA00702FEC /* Resources */,
			);
			buildRules = (
			);
			dependencies = (
			);
			name = hyscoswift;
			productName = hyscoswift;
			productReference = 24A394A71A2489BA00702FEC /* hyscoswift.app */;
			productType = "com.apple.product-type.application";
		};
		24A394BB1A2489BB00702FEC /* hyscoswiftTests */ = {
			isa = PBXNativeTarget;
			buildConfigurationList = 24A394C91A2489BB00702FEC /* Build configuration list for PBXNativeTarget "hyscoswiftTests" */;
			buildPhases = (
				24A394B81A2489BB00702FEC /* Sources */,
				24A394B91A2489BB00702FEC /* Frameworks */,
				24A394BA1A2489BB00702FEC /* Resources */,
			);
			buildRules = (
			);
			dependencies = (
				24A394BE1A2489BB00702FEC /* PBXTargetDependency */,
			);
			name = hyscoswiftTests;
			productName = hyscoswiftTests;
			productReference = 24A394BC1A2489BB00702FEC /* hyscoswiftTests.xctest */;
			productType = "com.apple.product-type.bundle.unit-test";
		};
/* End PBXNativeTarget section */

/* Begin PBXProject section */
		24A3949F1A2489BA00702FEC /* Project object */ = {
			isa = PBXProject;
			attributes = {
				LastUpgradeCheck = 0610;
				ORGANIZATIONNAME = "___informaticamilano___";
				TargetAttributes = {
					24A394A61A2489BA00702FEC = {
						CreatedOnToolsVersion = 6.1;
					};
					24A394BB1A2489BB00702FEC = {
						CreatedOnToolsVersion = 6.1;
						TestTargetID = 24A394A61A2489BA00702FEC;
					};
				};
			};
			buildConfigurationList = 24A394A21A2489BA00702FEC /* Build configuration list for PBXProject "hyscoswift" */;
			compatibilityVersion = "Xcode 3.2";
			developmentRegion = English;
			hasScannedForEncodings = 0;
			knownRegions = (
				en,
				Base,
			);
			mainGroup = 24A3949E1A2489BA00702FEC;
			productRefGroup = 24A394A81A2489BA00702FEC /* Products */;
			projectDirPath = "";
			projectRoot = "";
			targets = (
				24A394A61A2489BA00702FEC /* hyscoswift */,
				24A394BB1A2489BB00702FEC /* hyscoswiftTests */,
			);
		};
/* End PBXProject section */

/* Begin PBXResourcesBuildPhase section */
		24A394A51A2489BA00702FEC /* Resources */ = {
			isa = PBXResourcesBuildPhase;
			buildActionMask = 2147483647;
			files = (
				24A394B21A2489BB00702FEC /* Main.storyboard in Resources */,
				24A394B71A2489BB00702FEC /* LaunchScreen.xib in Resources */,
				24A394B41A2489BB00702FEC /* Images.xcassets in Resources */,
			);
			runOnlyForDeploymentPostprocessing = 0;
		};
		24A394BA1A2489BB00702FEC /* Resources */ = {
			isa = PBXResourcesBuildPhase;
			buildActionMask = 2147483647;
			files = (
			);
			runOnlyForDeploymentPostprocessing = 0;
		};
/* End PBXResourcesBuildPhase section */

/* Begin PBXSourcesBuildPhase section */
		24A394A31A2489BA00702FEC /* Sources */ = {
			isa = PBXSourcesBuildPhase;
			buildActionMask = 2147483647;
			files = (
				24A394AF1A2489BB00702FEC /* ViewController.swift in Sources */,
				24A394AD1A2489BA00702FEC /* AppDelegate.swift in Sources */,
			);
			runOnlyForDeploymentPostprocessing = 0;
		};
		24A394B81A2489BB00702FEC /* Sources */ = {
			isa = PBXSourcesBuildPhase;
			buildActionMask = 2147483647;
			files = (
				24A394C31A2489BB00702FEC /* hyscoswiftTests.swift in Sources */,
			);
			runOnlyForDeploymentPostprocessing = 0;
		};
/* End PBXSourcesBuildPhase section */

/* Begin PBXTargetDependency section */
		24A394BE1A2489BB00702FEC /* PBXTargetDependency */ = {
			isa = PBXTargetDependency;
			target = 24A394A61A2489BA00702FEC /* hyscoswift */;
			targetProxy = 24A394BD1A2489BB00702FEC /* PBXContainerItemProxy */;
		};
/* End PBXTargetDependency section */

/* Begin PBXVariantGroup section */
		24A394B01A2489BB00702FEC /* Main.storyboard */ = {
			isa = PBXVariantGroup;
			children = (
				24A394B11A2489BB00702FEC /* Base */,
			);
			name = Main.storyboard;
			sourceTree = "<group>";
		};
		24A394B51A2489BB00702FEC /* LaunchScreen.xib */ = {
			isa = PBXVariantGroup;
			children = (
				24A394B61A2489BB00702FEC /* Base */,
			);
			name = LaunchScreen.xib;
			sourceTree = "<group>";
		};
/* End PBXVariantGroup section */

/* Begin XCBuildConfiguration section */
		24A394C41A2489BB00702FEC /* Debug */ = {
			isa = XCBuildConfiguration;
			buildSettings = {
				ALWAYS_SEARCH_USER_PATHS = NO;
				CLANG_CXX_LANGUAGE_STANDARD = "gnu++0x";
				CLANG_CXX_LIBRARY = "libc++";
				CLANG_ENABLE_MODULES = YES;
				CLANG_ENABLE_OBJC_ARC = YES;
				CLANG_WARN_BOOL_CONVERSION = YES;
				CLANG_WARN_CONSTANT_CONVERSION = YES;
				CLANG_WARN_DIRECT_OBJC_ISA_USAGE = YES_ERROR;
				CLANG_WARN_EMPTY_BODY = YES;
				CLANG_WARN_ENUM_CONVERSION = YES;
				CLANG_WARN_INT_CONVERSION = YES;
				CLANG_WARN_OBJC_ROOT_CLASS = YES_ERROR;
				CLANG_WARN_UNREACHABLE_CODE = YES;
				CLANG_WARN__DUPLICATE_METHOD_MATCH = YES;
				"CODE_SIGN_IDENTITY[sdk=iphoneos*]" = "iPhone Developer";
				COPY_PHASE_STRIP = NO;
				ENABLE_STRICT_OBJC_MSGSEND = YES;
				GCC_C_LANGUAGE_STANDARD = gnu99;
				GCC_DYNAMIC_NO_PIC = NO;
				GCC_OPTIMIZATION_LEVEL = 0;
				GCC_PREPROCESSOR_DEFINITIONS = (
					"DEBUG=1",
					"$(inherited)",
				);
				GCC_SYMBOLS_PRIVATE_EXTERN = NO;
				GCC_WARN_64_TO_32_BIT_CONVERSION = YES;
				GCC_WARN_ABOUT_RETURN_TYPE = YES_ERROR;
				GCC_WARN_UNDECLARED_SELECTOR = YES;
				GCC_WARN_UNINITIALIZED_AUTOS = YES_AGGRESSIVE;
				GCC_WARN_UNUSED_FUNCTION = YES;
				GCC_WARN_UNUSED_VARIABLE = YES;
				IPHONEOS_DEPLOYMENT_TARGET = 8.1;
				MTL_ENABLE_DEBUG_INFO = YES;
				ONLY_ACTIVE_ARCH = YES;
				SDKROOT = iphoneos;
				SWIFT_OPTIMIZATION_LEVEL = "-Onone";
				TARGETED_DEVICE_FAMILY = "1,2";
			};
			name = Debug;
		};
		24A394C51A2489BB00702FEC /* Release */ = {
			isa = XCBuildConfiguration;
			buildSettings = {
				ALWAYS_SEARCH_USER_PATHS = NO;
				CLANG_CXX_LANGUAGE_STANDARD = "gnu++0x";
				CLANG_CXX_LIBRARY = "libc++";
				CLANG_ENABLE_MODULES = YES;
				CLANG_ENABLE_OBJC_ARC = YES;
				CLANG_WARN_BOOL_CONVERSION = YES;
				CLANG_WARN_CONSTANT_CONVERSION = YES;
				CLANG_WARN_DIRECT_OBJC_ISA_USAGE = YES_ERROR;
				CLANG_WARN_EMPTY_BODY = YES;
				CLANG_WARN_ENUM_CONVERSION = YES;
				CLANG_WARN_INT_CONVERSION = YES;
				CLANG_WARN_OBJC_ROOT_CLASS = YES_ERROR;
				CLANG_WARN_UNREACHABLE_CODE = YES;
				CLANG_WARN__DUPLICATE_METHOD_MATCH = YES;
				"CODE_SIGN_IDENTITY[sdk=iphoneos*]" = "iPhone Developer";
				COPY_PHASE_STRIP = YES;
				ENABLE_NS_ASSERTIONS = NO;
				ENABLE_STRICT_OBJC_MSGSEND = YES;
				GCC_C_LANGUAGE_STANDARD = gnu99;
				GCC_WARN_64_TO_32_BIT_CONVERSION = YES;
				GCC_WARN_ABOUT_RETURN_TYPE = YES_ERROR;
				GCC_WARN_UNDECLARED_SELECTOR = YES;
				GCC_WARN_UNINITIALIZED_AUTOS = YES_AGGRESSIVE;
				GCC_WARN_UNUSED_FUNCTION = YES;
				GCC_WARN_UNUSED_VARIABLE = YES;
				IPHONEOS_DEPLOYMENT_TARGET = 8.1;
				MTL_ENABLE_DEBUG_INFO = NO;
				SDKROOT = iphoneos;
				TARGETED_DEVICE_FAMILY = "1,2";
				VALIDATE_PRODUCT = YES;
			};
			name = Release;
		};
		24A394C71A2489BB00702FEC /* Debug */ = {
			isa = XCBuildConfiguration;
			buildSettings = {
				ASSETCATALOG_COMPILER_APPICON_NAME = AppIcon;
				INFOPLIST_FILE = hyscoswift/Info.plist;
				LD_RUNPATH_SEARCH_PATHS = "$(inherited) @executable_path/Frameworks";
				PRODUCT_NAME = "$(TARGET_NAME)";
			};
			name = Debug;
		};
		24A394C81A2489BB00702FEC /* Release */ = {
			isa = XCBuildConfiguration;
			buildSettings = {
				ASSETCATALOG_COMPILER_APPICON_NAME = AppIcon;
				INFOPLIST_FILE = hyscoswift/Info.plist;
				LD_RUNPATH_SEARCH_PATHS = "$(inherited) @executable_path/Frameworks";
				PRODUCT_NAME = "$(TARGET_NAME)";
			};
			name = Release;
		};
		24A394CA1A2489BB00702FEC /* Debug */ = {
			isa = XCBuildConfiguration;
			buildSettings = {
				BUNDLE_LOADER = "$(TEST_HOST)";
				FRAMEWORK_SEARCH_PATHS = (
					"$(SDKROOT)/Developer/Library/Frameworks",
					"$(inherited)",
				);
				GCC_PREPROCESSOR_DEFINITIONS = (
					"DEBUG=1",
					"$(inherited)",
				);
				INFOPLIST_FILE = hyscoswiftTests/Info.plist;
				LD_RUNPATH_SEARCH_PATHS = "$(inherited) @executable_path/Frameworks @loader_path/Frameworks";
				PRODUCT_NAME = "$(TARGET_NAME)";
				TEST_HOST = "$(BUILT_PRODUCTS_DIR)/hyscoswift.app/hyscoswift";
			};
			name = Debug;
		};
		24A394CB1A2489BB00702FEC /* Release */ = {
			isa = XCBuildConfiguration;
			buildSettings = {
				BUNDLE_LOADER = "$(TEST_HOST)";
				FRAMEWORK_SEARCH_PATHS = (
					"$(SDKROOT)/Developer/Library/Frameworks",
					"$(inherited)",
				);
				INFOPLIST_FILE = hyscoswiftTests/Info.plist;
				LD_RUNPATH_SEARCH_PATHS = "$(inherited) @executable_path/Frameworks @loader_path/Frameworks";
				PRODUCT_NAME = "$(TARGET_NAME)";
				TEST_HOST = "$(BUILT_PRODUCTS_DIR)/hyscoswift.app/hyscoswift";
			};
			name = Release;
		};
/* End XCBuildConfiguration section */

/* Begin XCConfigurationList section */
		24A394A21A2489BA00702FEC /* Build configuration list for PBXProject "hyscoswift" */ = {
			isa = XCConfigurationList;
			buildConfigurations = (
				24A394C41A2489BB00702FEC /* Debug */,
				24A394C51A2489BB00702FEC /* Release */,
			);
			defaultConfigurationIsVisible = 0;
			defaultConfigurationName = Release;
		};
		24A394C61A2489BB00702FEC /* Build configuration list for PBXNativeTarget "hyscoswift" */ = {
			isa = XCConfigurationList;
			buildConfigurations = (
				24A394C71A2489BB00702FEC /* Debug */,
				24A394C81A2489BB00702FEC /* Release */,
			);
			defaultConfigurationIsVisible = 0;
		};
		24A394C91A2489BB00702FEC /* Build configuration list for PBXNativeTarget "hyscoswiftTests" */ = {
			isa = XCConfigurationList;
			buildConfigurations = (
				24A394CA1A2489BB00702FEC /* Debug */,
				24A394CB1A2489BB00702FEC /* Release */,
			);
			defaultConfigurationIsVisible = 0;
		};
/* End XCConfigurationList section */
	};
	rootObject = 24A3949F1A2489BA00702FEC /* Project object */;
}
